// !$*UTF8*$!
{
	archiveVersion = 1;
	classes = {
	};
	objectVersion = 56;
	objects = {

/* Begin PBXBuildFile section */
		108D53BA2974830D00F3663F /* AppDelegate.swift in Sources */ = {isa = PBXBuildFile; fileRef = 108D53B92974830D00F3663F /* AppDelegate.swift */; };
		108D53BC2974830D00F3663F /* SceneDelegate.swift in Sources */ = {isa = PBXBuildFile; fileRef = 108D53BB2974830D00F3663F /* SceneDelegate.swift */; };
		108D53BE2974830D00F3663F /* Home.swift in Sources */ = {isa = PBXBuildFile; fileRef = 108D53BD2974830D00F3663F /* Home.swift */; };
		108D53C12974830D00F3663F /* Main.storyboard in Resources */ = {isa = PBXBuildFile; fileRef = 108D53BF2974830D00F3663F /* Main.storyboard */; };
		108D53C32974830E00F3663F /* Assets.xcassets in Resources */ = {isa = PBXBuildFile; fileRef = 108D53C22974830E00F3663F /* Assets.xcassets */; };
		108D53C62974830E00F3663F /* LaunchScreen.storyboard in Resources */ = {isa = PBXBuildFile; fileRef = 108D53C42974830E00F3663F /* LaunchScreen.storyboard */; };
		108D53CE2974873A00F3663F /* ScreenA.swift in Sources */ = {isa = PBXBuildFile; fileRef = 108D53CD2974873A00F3663F /* ScreenA.swift */; };
		108D53D02974874B00F3663F /* ScreenB.swift in Sources */ = {isa = PBXBuildFile; fileRef = 108D53CF2974874B00F3663F /* ScreenB.swift */; };
		108D53D22974875C00F3663F /* ScreenX.swift in Sources */ = {isa = PBXBuildFile; fileRef = 108D53D12974875C00F3663F /* ScreenX.swift */; };
		108D53D42974876900F3663F /* ScreenY.swift in Sources */ = {isa = PBXBuildFile; fileRef = 108D53D32974876900F3663F /* ScreenY.swift */; };
/* End PBXBuildFile section */

/* Begin PBXFileReference section */
		108D53B62974830D00F3663F /* bootcamp_navigation_homework.app */ = {isa = PBXFileReference; explicitFileType = wrapper.application; includeInIndex = 0; path = bootcamp_navigation_homework.app; sourceTree = BUILT_PRODUCTS_DIR; };
		108D53B92974830D00F3663F /* AppDelegate.swift */ = {isa = PBXFileReference; lastKnownFileType = sourcecode.swift; path = AppDelegate.swift; sourceTree = "<group>"; };
		108D53BB2974830D00F3663F /* SceneDelegate.swift */ = {isa = PBXFileReference; lastKnownFileType = sourcecode.swift; path = SceneDelegate.swift; sourceTree = "<group>"; };
		108D53BD2974830D00F3663F /* Home.swift */ = {isa = PBXFileReference; lastKnownFileType = sourcecode.swift; path = Home.swift; sourceTree = "<group>"; };
		108D53C02974830D00F3663F /* Base */ = {isa = PBXFileReference; lastKnownFileType = file.storyboard; name = Base; path = Base.lproj/Main.storyboard; sourceTree = "<group>"; };
		108D53C22974830E00F3663F /* Assets.xcassets */ = {isa = PBXFileReference; lastKnownFileType = folder.assetcatalog; path = Assets.xcassets; sourceTree = "<group>"; };
		108D53C52974830E00F3663F /* Base */ = {isa = PBXFileReference; lastKnownFileType = file.storyboard; name = Base; path = Base.lproj/LaunchScreen.storyboard; sourceTree = "<group>"; };
		108D53C72974830E00F3663F /* Info.plist */ = {isa = PBXFileReference; lastKnownFileType = text.plist.xml; path = Info.plist; sourceTree = "<group>"; };
		108D53CD2974873A00F3663F /* ScreenA.swift */ = {isa = PBXFileReference; lastKnownFileType = sourcecode.swift; path = ScreenA.swift; sourceTree = "<group>"; };
		108D53CF2974874B00F3663F /* ScreenB.swift */ = {isa = PBXFileReference; lastKnownFileType = sourcecode.swift; path = ScreenB.swift; sourceTree = "<group>"; };
		108D53D12974875C00F3663F /* ScreenX.swift */ = {isa = PBXFileReference; lastKnownFileType = sourcecode.swift; path = ScreenX.swift; sourceTree = "<group>"; };
		108D53D32974876900F3663F /* ScreenY.swift */ = {isa = PBXFileReference; lastKnownFileType = sourcecode.swift; path = ScreenY.swift; sourceTree = "<group>"; };
/* End PBXFileReference section */

/* Begin PBXFrameworksBuildPhase section */
		108D53B32974830D00F3663F /* Frameworks */ = {
			isa = PBXFrameworksBuildPhase;
			buildActionMask = 2147483647;
			files = (
			);
			runOnlyForDeploymentPostprocessing = 0;
		};
/* End PBXFrameworksBuildPhase section */

/* Begin PBXGroup section */
		108D53AD2974830D00F3663F = {
			isa = PBXGroup;
			children = (
				108D53B82974830D00F3663F /* bootcamp_navigation_homework */,
				108D53B72974830D00F3663F /* Products */,
			);
			sourceTree = "<group>";
		};
		108D53B72974830D00F3663F /* Products */ = {
			isa = PBXGroup;
			children = (
				108D53B62974830D00F3663F /* bootcamp_navigation_homework.app */,
			);
			name = Products;
			sourceTree = "<group>";
		};
		108D53B82974830D00F3663F /* bootcamp_navigation_homework */ = {
			isa = PBXGroup;
			children = (
				108D53B92974830D00F3663F /* AppDelegate.swift */,
				108D53BB2974830D00F3663F /* SceneDelegate.swift */,
				108D53BD2974830D00F3663F /* Home.swift */,
				108D53CD2974873A00F3663F /* ScreenA.swift */,
				108D53CF2974874B00F3663F /* ScreenB.swift */,
				108D53D12974875C00F3663F /* ScreenX.swift */,
				108D53D32974876900F3663F /* ScreenY.swift */,
				108D53BF2974830D00F3663F /* Main.storyboard */,
				108D53C22974830E00F3663F /* Assets.xcassets */,
				108D53C42974830E00F3663F /* LaunchScreen.storyboard */,
				108D53C72974830E00F3663F /* Info.plist */,
			);
			path = bootcamp_navigation_homework;
			sourceTree = "<group>";
		};
/* End PBXGroup section */

/* Begin PBXNativeTarget section */
		108D53B52974830D00F3663F /* bootcamp_navigation_homework */ = {
			isa = PBXNativeTarget;
			buildConfigurationList = 108D53CA2974830E00F3663F /* Build configuration list for PBXNativeTarget "bootcamp_navigation_homework" */;
			buildPhases = (
				108D53B22974830D00F3663F /* Sources */,
				108D53B32974830D00F3663F /* Frameworks */,
				108D53B42974830D00F3663F /* Resources */,
			);
			buildRules = (
			);
			dependencies = (
			);
			name = bootcamp_navigation_homework;
			productName = bootcamp_navigation_homework;
			productReference = 108D53B62974830D00F3663F /* bootcamp_navigation_homework.app */;
			productType = "com.apple.product-type.application";
		};
/* End PBXNativeTarget section */

/* Begin PBXProject section */
		108D53AE2974830D00F3663F /* Project object */ = {
			isa = PBXProject;
			attributes = {
				BuildIndependentTargetsInParallel = 1;
				LastSwiftUpdateCheck = 1420;
				LastUpgradeCheck = 1420;
				TargetAttributes = {
					108D53B52974830D00F3663F = {
						CreatedOnToolsVersion = 14.2;
					};
				};
			};
			buildConfigurationList = 108D53B12974830D00F3663F /* Build configuration list for PBXProject "bootcamp_navigation_homework" */;
			compatibilityVersion = "Xcode 14.0";
			developmentRegion = en;
			hasScannedForEncodings = 0;
			knownRegions = (
				en,
				Base,
			);
			mainGroup = 108D53AD2974830D00F3663F;
			productRefGroup = 108D53B72974830D00F3663F /* Products */;
			projectDirPath = "";
			projectRoot = "";
			targets = (
				108D53B52974830D00F3663F /* bootcamp_navigation_homework */,
			);
		};
/* End PBXProject section */

/* Begin PBXResourcesBuildPhase section */
		108D53B42974830D00F3663F /* Resources */ = {
			isa = PBXResourcesBuildPhase;
			buildActionMask = 2147483647;
			files = (
				108D53C62974830E00F3663F /* LaunchScreen.storyboard in Resources */,
				108D53C32974830E00F3663F /* Assets.xcassets in Resources */,
				108D53C12974830D00F3663F /* Main.storyboard in Resources */,
			);
			runOnlyForDeploymentPostprocessing = 0;
		};
/* End PBXResourcesBuildPhase section */

/* Begin PBXSourcesBuildPhase section */
		108D53B22974830D00F3663F /* Sources */ = {
			isa = PBXSourcesBuildPhase;
			buildActionMask = 2147483647;
			files = (
				108D53D22974875C00F3663F /* ScreenX.swift in Sources */,
				108D53BE2974830D00F3663F /* Home.swift in Sources */,
				108D53D02974874B00F3663F /* ScreenB.swift in Sources */,
				108D53CE2974873A00F3663F /* ScreenA.swift in Sources */,
				108D53BA2974830D00F3663F /* AppDelegate.swift in Sources */,
				108D53D42974876900F3663F /* ScreenY.swift in Sources */,
				108D53BC2974830D00F3663F /* SceneDelegate.swift in Sources */,
			);
			runOnlyForDeploymentPostprocessing = 0;
		};
/* End PBXSourcesBuildPhase section */

/* Begin PBXVariantGroup section */
		108D53BF2974830D00F3663F /* Main.storyboard */ = {
			isa = PBXVariantGroup;
			children = (
				108D53C02974830D00F3663F /* Base */,
			);
			name = Main.storyboard;
			sourceTree = "<group>";
		};
		108D53C42974830E00F3663F /* LaunchScreen.storyboard */ = {
			isa = PBXVariantGroup;
			children = (
				108D53C52974830E00F3663F /* Base */,
			);
			name = LaunchScreen.storyboard;
			sourceTree = "<group>";
		};
/* End PBXVariantGroup section */

/* Begin XCBuildConfiguration section */
		108D53C82974830E00F3663F /* Debug */ = {
			isa = XCBuildConfiguration;
			buildSettings = {
				ALWAYS_SEARCH_USER_PATHS = NO;
				CLANG_ANALYZER_NONNULL = YES;
				CLANG_ANALYZER_NUMBER_OBJECT_CONVERSION = YES_AGGRESSIVE;
				CLANG_CXX_LANGUAGE_STANDARD = "gnu++20";
				CLANG_ENABLE_MODULES = YES;
				CLANG_ENABLE_OBJC_ARC = YES;
				CLANG_ENABLE_OBJC_WEAK = YES;
				CLANG_WARN_BLOCK_CAPTURE_AUTORELEASING = YES;
				CLANG_WARN_BOOL_CONVERSION = YES;
				CLANG_WARN_COMMA = YES;
				CLANG_WARN_CONSTANT_CONVERSION = YES;
				CLANG_WARN_DEPRECATED_OBJC_IMPLEMENTATIONS = YES;
				CLANG_WARN_DIRECT_OBJC_ISA_USAGE = YES_ERROR;
				CLANG_WARN_DOCUMENTATION_COMMENTS = YES;
				CLANG_WARN_EMPTY_BODY = YES;
				CLANG_WARN_ENUM_CONVERSION = YES;
				CLANG_WARN_INFINITE_RECURSION = YES;
				CLANG_WARN_INT_CONVERSION = YES;
				CLANG_WARN_NON_LITERAL_NULL_CONVERSION = YES;
				CLANG_WARN_OBJC_IMPLICIT_RETAIN_SELF = YES;
				CLANG_WARN_OBJC_LITERAL_CONVERSION = YES;
				CLANG_WARN_OBJC_ROOT_CLASS = YES_ERROR;
				CLANG_WARN_QUOTED_INCLUDE_IN_FRAMEWORK_HEADER = YES;
				CLANG_WARN_RANGE_LOOP_ANALYSIS = YES;
				CLANG_WARN_STRICT_PROTOTYPES = YES;
				CLANG_WARN_SUSPICIOUS_MOVE = YES;
				CLANG_WARN_UNGUARDED_AVAILABILITY = YES_AGGRESSIVE;
				CLANG_WARN_UNREACHABLE_CODE = YES;
				CLANG_WARN__DUPLICATE_METHOD_MATCH = YES;
				COPY_PHASE_STRIP = NO;
				DEBUG_INFORMATION_FORMAT = dwarf;
				ENABLE_STRICT_OBJC_MSGSEND = YES;
				ENABLE_TESTABILITY = YES;
				GCC_C_LANGUAGE_STANDARD = gnu11;
				GCC_DYNAMIC_NO_PIC = NO;
				GCC_NO_COMMON_BLOCKS = YES;
				GCC_OPTIMIZATION_LEVEL = 0;
				GCC_PREPROCESSOR_DEFINITIONS = (
					"DEBUG=1",
					"$(inherited)",
				);
				GCC_WARN_64_TO_32_BIT_CONVERSION = YES;
				GCC_WARN_ABOUT_RETURN_TYPE = YES_ERROR;
				GCC_WARN_UNDECLARED_SELECTOR = YES;
				GCC_WARN_UNINITIALIZED_AUTOS = YES_AGGRESSIVE;
				GCC_WARN_UNUSED_FUNCTION = YES;
				GCC_WARN_UNUSED_VARIABLE = YES;
				IPHONEOS_DEPLOYMENT_TARGET = 16.2;
				MTL_ENABLE_DEBUG_INFO = INCLUDE_SOURCE;
				MTL_FAST_MATH = YES;
				ONLY_ACTIVE_ARCH = YES;
				SDKROOT = iphoneos;
				SWIFT_ACTIVE_COMPILATION_CONDITIONS = DEBUG;
				SWIFT_OPTIMIZATION_LEVEL = "-Onone";
			};
			name = Debug;
		};
		108D53C92974830E00F3663F /* Release */ = {
			isa = XCBuildConfiguration;
			buildSettings = {
				ALWAYS_SEARCH_USER_PATHS = NO;
				CLANG_ANALYZER_NONNULL = YES;
				CLANG_ANALYZER_NUMBER_OBJECT_CONVERSION = YES_AGGRESSIVE;
				CLANG_CXX_LANGUAGE_STANDARD = "gnu++20";
				CLANG_ENABLE_MODULES = YES;
				CLANG_ENABLE_OBJC_ARC = YES;
				CLANG_ENABLE_OBJC_WEAK = YES;
				CLANG_WARN_BLOCK_CAPTURE_AUTORELEASING = YES;
				CLANG_WARN_BOOL_CONVERSION = YES;
				CLANG_WARN_COMMA = YES;
				CLANG_WARN_CONSTANT_CONVERSION = YES;
				CLANG_WARN_DEPRECATED_OBJC_IMPLEMENTATIONS = YES;
				CLANG_WARN_DIRECT_OBJC_ISA_USAGE = YES_ERROR;
				CLANG_WARN_DOCUMENTATION_COMMENTS = YES;
				CLANG_WARN_EMPTY_BODY = YES;
				CLANG_WARN_ENUM_CONVERSION = YES;
				CLANG_WARN_INFINITE_RECURSION = YES;
				CLANG_WARN_INT_CONVERSION = YES;
				CLANG_WARN_NON_LITERAL_NULL_CONVERSION = YES;
				CLANG_WARN_OBJC_IMPLICIT_RETAIN_SELF = YES;
				CLANG_WARN_OBJC_LITERAL_CONVERSION = YES;
				CLANG_WARN_OBJC_ROOT_CLASS = YES_ERROR;
				CLANG_WARN_QUOTED_INCLUDE_IN_FRAMEWORK_HEADER = YES;
				CLANG_WARN_RANGE_LOOP_ANALYSIS = YES;
				CLANG_WARN_STRICT_PROTOTYPES = YES;
				CLANG_WARN_SUSPICIOUS_MOVE = YES;
				CLANG_WARN_UNGUARDED_AVAILABILITY = YES_AGGRESSIVE;
				CLANG_WARN_UNREACHABLE_CODE = YES;
				CLANG_WARN__DUPLICATE_METHOD_MATCH = YES;
				COPY_PHASE_STRIP = NO;
				DEBUG_INFORMATION_FORMAT = "dwarf-with-dsym";
				ENABLE_NS_ASSERTIONS = NO;
				ENABLE_STRICT_OBJC_MSGSEND = YES;
				GCC_C_LANGUAGE_STANDARD = gnu11;
				GCC_NO_COMMON_BLOCKS = YES;
				GCC_WARN_64_TO_32_BIT_CONVERSION = YES;
				GCC_WARN_ABOUT_RETURN_TYPE = YES_ERROR;
				GCC_WARN_UNDECLARED_SELECTOR = YES;
				GCC_WARN_UNINITIALIZED_AUTOS = YES_AGGRESSIVE;
				GCC_WARN_UNUSED_FUNCTION = YES;
				GCC_WARN_UNUSED_VARIABLE = YES;
				IPHONEOS_DEPLOYMENT_TARGET = 16.2;
				MTL_ENABLE_DEBUG_INFO = NO;
				MTL_FAST_MATH = YES;
				SDKROOT = iphoneos;
				SWIFT_COMPILATION_MODE = wholemodule;
				SWIFT_OPTIMIZATION_LEVEL = "-O";
				VALIDATE_PRODUCT = YES;
			};
			name = Release;
		};
		108D53CB2974830E00F3663F /* Debug */ = {
			isa = XCBuildConfiguration;
			buildSettings = {
				ASSETCATALOG_COMPILER_APPICON_NAME = AppIcon;
				ASSETCATALOG_COMPILER_GLOBAL_ACCENT_COLOR_NAME = AccentColor;
				CODE_SIGN_STYLE = Automatic;
				CURRENT_PROJECT_VERSION = 1;
				DEVELOPMENT_TEAM = F475N5N7V6;
				GENERATE_INFOPLIST_FILE = YES;
				INFOPLIST_FILE = bootcamp_navigation_homework/Info.plist;
				INFOPLIST_KEY_UIApplicationSupportsIndirectInputEvents = YES;
				INFOPLIST_KEY_UILaunchStoryboardName = LaunchScreen;
				INFOPLIST_KEY_UIMainStoryboardFile = Main;
				INFOPLIST_KEY_UISupportedInterfaceOrientations_iPad = "UIInterfaceOrientationPortrait UIInterfaceOrientationPortraitUpsideDown UIInterfaceOrientationLandscapeLeft UIInterfaceOrientationLandscapeRight";
				INFOPLIST_KEY_UISupportedInterfaceOrientations_iPhone = "UIInterfaceOrientationPortrait UIInterfaceOrientationLandscapeLeft UIInterfaceOrientationLandscapeRight";
				LD_RUNPATH_SEARCH_PATHS = (
					"$(inherited)",
					"@executable_path/Frameworks",
				);
				MARKETING_VERSION = 1.0;
				PRODUCT_BUNDLE_IDENTIFIER = "com.yagizdokumaci.bootcamp-navigation-homework";
				PRODUCT_NAME = "$(TARGET_NAME)";
				SWIFT_EMIT_LOC_STRINGS = YES;
				SWIFT_VERSION = 5.0;
				TARGETED_DEVICE_FAMILY = "1,2";
			};
			name = Debug;
		};
		108D53CC2974830E00F3663F /* Release */ = {
			isa = XCBuildConfiguration;
			buildSettings = {
				ASSETCATALOG_COMPILER_APPICON_NAME = AppIcon;
				ASSETCATALOG_COMPILER_GLOBAL_ACCENT_COLOR_NAME = AccentColor;
				CODE_SIGN_STYLE = Automatic;
				CURRENT_PROJECT_VERSION = 1;
				DEVELOPMENT_TEAM = F475N5N7V6;
				GENERATE_INFOPLIST_FILE = YES;
				INFOPLIST_FILE = bootcamp_navigation_homework/Info.plist;
				INFOPLIST_KEY_UIApplicationSupportsIndirectInputEvents = YES;
				INFOPLIST_KEY_UILaunchStoryboardName = LaunchScreen;
				INFOPLIST_KEY_UIMainStoryboardFile = Main;
				INFOPLIST_KEY_UISupportedInterfaceOrientations_iPad = "UIInterfaceOrientationPortrait UIInterfaceOrientationPortraitUpsideDown UIInterfaceOrientationLandscapeLeft UIInterfaceOrientationLandscapeRight";
				INFOPLIST_KEY_UISupportedInterfaceOrientations_iPhone = "UIInterfaceOrientationPortrait UIInterfaceOrientationLandscapeLeft UIInterfaceOrientationLandscapeRight";
				LD_RUNPATH_SEARCH_PATHS = (
					"$(inherited)",
					"@executable_path/Frameworks",
				);
				MARKETING_VERSION = 1.0;
				PRODUCT_BUNDLE_IDENTIFIER = "com.yagizdokumaci.bootcamp-navigation-homework";
				PRODUCT_NAME = "$(TARGET_NAME)";
				SWIFT_EMIT_LOC_STRINGS = YES;
				SWIFT_VERSION = 5.0;
				TARGETED_DEVICE_FAMILY = "1,2";
			};
			name = Release;
		};
/* End XCBuildConfiguration section */

/* Begin XCConfigurationList section */
		108D53B12974830D00F3663F /* Build configuration list for PBXProject "bootcamp_navigation_homework" */ = {
			isa = XCConfigurationList;
			buildConfigurations = (
				108D53C82974830E00F3663F /* Debug */,
				108D53C92974830E00F3663F /* Release */,
			);
			defaultConfigurationIsVisible = 0;
			defaultConfigurationName = Release;
		};
		108D53CA2974830E00F3663F /* Build configuration list for PBXNativeTarget "bootcamp_navigation_homework" */ = {
			isa = XCConfigurationList;
			buildConfigurations = (
				108D53CB2974830E00F3663F /* Debug */,
				108D53CC2974830E00F3663F /* Release */,
			);
			defaultConfigurationIsVisible = 0;
			defaultConfigurationName = Release;
		};
/* End XCConfigurationList section */
	};
	rootObject = 108D53AE2974830D00F3663F /* Project object */;
}
